
Microsoft Visual Studio Solution File, Format Version 12.00
# Visual Studio Version 17
VisualStudioVersion = 17.5.002.0
MinimumVisualStudioVersion = 10.0.40219.1
Project("{9A19103F-16F7-4668-BE54-9A1E7A4F7556}") = "AuthorsDbRest.Dapper.Aot", "dotnet-asp-net-dapper-aot\AuthorsDbRest.Dapper.Aot.csproj", "{0B131FC3-39CA-4D8D-ABEC-06166D84D794}"
EndProject
Project("{9A19103F-16F7-4668-BE54-9A1E7A4F7556}") = "AuthorsDbRest.Dapper", "dotnet-asp-net-dapper\AuthorsDbRest.Dapper.csproj", "{B1913A8E-65C9-4893-B69B-DF60341D841D}"
EndProject
Project("{9A19103F-16F7-4668-BE54-9A1E7A4F7556}") = "AuthorsDbRest.EF", "dotnet-asp-net-ef\AuthorsDbRest.EF.csproj", "{FC25CCA5-82D0-45F4-97BA-7A80CF70DC2A}"
EndProject
Global
	GlobalSection(SolutionConfigurationPlatforms) = preSolution
		Debug|Any CPU = Debug|Any CPU
		Release|Any CPU = Release|Any CPU
	EndGlobalSection
	GlobalSection(ProjectConfigurationPlatforms) = postSolution
		{0B131FC3-39CA-4D8D-ABEC-06166D84D794}.Debug|Any CPU.ActiveCfg = Debug|Any CPU
		{0B131FC3-39CA-4D8D-ABEC-06166D84D794}.Debug|Any CPU.Build.0 = Debug|Any CPU
		{0B131FC3-39CA-4D8D-ABEC-06166D84D794}.Release|Any CPU.ActiveCfg = Release|Any CPU
		{0B131FC3-39CA-4D8D-ABEC-06166D84D794}.Release|Any CPU.Build.0 = Release|Any CPU
		{B1913A8E-65C9-4893-B69B-DF60341D841D}.Debug|Any CPU.ActiveCfg = Debug|Any CPU
		{B1913A8E-65C9-4893-B69B-DF60341D841D}.Debug|Any CPU.Build.0 = Debug|Any CPU
		{B1913A8E-65C9-4893-B69B-DF60341D841D}.Release|Any CPU.ActiveCfg = Release|Any CPU
		{B1913A8E-65C9-4893-B69B-DF60341D841D}.Release|Any CPU.Build.0 = Release|Any CPU
		{FC25CCA5-82D0-45F4-97BA-7A80CF70DC2A}.Debug|Any CPU.ActiveCfg = Debug|Any CPU
		{FC25CCA5-82D0-45F4-97BA-7A80CF70DC2A}.Debug|Any CPU.Build.0 = Debug|Any CPU
		{FC25CCA5-82D0-45F4-97BA-7A80CF70DC2A}.Release|Any CPU.ActiveCfg = Release|Any CPU
		{FC25CCA5-82D0-45F4-97BA-7A80CF70DC2A}.Release|Any CPU.Build.0 = Release|Any CPU
	EndGlobalSection
	GlobalSection(SolutionProperties) = preSolution
		HideSolutionNode = FALSE
	EndGlobalSection
	GlobalSection(ExtensibilityGlobals) = postSolution
		SolutionGuid = {9B7B01E1-3799-430F-B582-D13534590985}
	EndGlobalSection
EndGlobal
